
Microsoft Visual Studio Solution File, Format Version 12.00
# Visual Studio Version 17
VisualStudioVersion = 17.0.31903.59
MinimumVisualStudioVersion = 10.0.40219.1
Project("{FAE04EC0-301F-11D3-BF4B-00C04F79EFBC}") = "Win7Revival.Core", "Win7Revival.Core\Win7Revival.Core.csproj", "{3E7459CA-7C66-4629-8961-8F8204D13C10}"
EndProject
Project("{FAE04EC0-301F-11D3-BF4B-00C04F79EFBC}") = "Win7Revival.Modules.Taskbar", "Win7Revival.Modules.Taskbar\Win7Revival.Modules.Taskbar.csproj", "{B3BE571D-3A5E-4DE9-88E7-1F455E5A9AB5}"
EndProject
Project("{FAE04EC0-301F-11D3-BF4B-00C04F79EFBC}") = "Win7Revival.App", "Win7Revival.App\Win7Revival.App.csproj", "{24560884-4992-4500-BE51-EE74FDAABA22}"
EndProject
Project("{FAE04EC0-301F-11D3-BF4B-00C04F79EFBC}") = "Win7Revival.Core.Tests", "Win7Revival.Core.Tests\Win7Revival.Core.Tests.csproj", "{A1B2C3D4-E5F6-7890-ABCD-EF1234567890}"
EndProject
Project("{FAE04EC0-301F-11D3-BF4B-00C04F79EFBC}") = "Win7Revival.Modules.StartMenu", "Win7Revival.Modules.StartMenu\Win7Revival.Modules.StartMenu.csproj", "{BDD1A431-EF96-413F-8D81-237F4971A3CB}"
EndProject
Global
	GlobalSection(SolutionConfigurationPlatforms) = preSolution
		Debug|Any CPU = Debug|Any CPU
		Debug|x64 = Debug|x64
		Debug|x86 = Debug|x86
		Release|Any CPU = Release|Any CPU
		Release|x64 = Release|x64
		Release|x86 = Release|x86
	EndGlobalSection
	GlobalSection(ProjectConfigurationPlatforms) = postSolution
		{3E7459CA-7C66-4629-8961-8F8204D13C10}.Debug|Any CPU.ActiveCfg = Debug|Any CPU
		{3E7459CA-7C66-4629-8961-8F8204D13C10}.Debug|Any CPU.Build.0 = Debug|Any CPU
		{3E7459CA-7C66-4629-8961-8F8204D13C10}.Debug|x64.ActiveCfg = Debug|Any CPU
		{3E7459CA-7C66-4629-8961-8F8204D13C10}.Debug|x64.Build.0 = Debug|Any CPU
		{3E7459CA-7C66-4629-8961-8F8204D13C10}.Debug|x86.ActiveCfg = Debug|Any CPU
		{3E7459CA-7C66-4629-8961-8F8204D13C10}.Debug|x86.Build.0 = Debug|Any CPU
		{3E7459CA-7C66-4629-8961-8F8204D13C10}.Release|Any CPU.ActiveCfg = Release|Any CPU
		{3E7459CA-7C66-4629-8961-8F8204D13C10}.Release|Any CPU.Build.0 = Release|Any CPU
		{3E7459CA-7C66-4629-8961-8F8204D13C10}.Release|x64.ActiveCfg = Release|Any CPU
		{3E7459CA-7C66-4629-8961-8F8204D13C10}.Release|x64.Build.0 = Release|Any CPU
		{3E7459CA-7C66-4629-8961-8F8204D13C10}.Release|x86.ActiveCfg = Release|Any CPU
		{3E7459CA-7C66-4629-8961-8F8204D13C10}.Release|x86.Build.0 = Release|Any CPU
		{B3BE571D-3A5E-4DE9-88E7-1F455E5A9AB5}.Debug|Any CPU.ActiveCfg = Debug|Any CPU
		{B3BE571D-3A5E-4DE9-88E7-1F455E5A9AB5}.Debug|Any CPU.Build.0 = Debug|Any CPU
		{B3BE571D-3A5E-4DE9-88E7-1F455E5A9AB5}.Debug|x64.ActiveCfg = Debug|Any CPU
		{B3BE571D-3A5E-4DE9-88E7-1F455E5A9AB5}.Debug|x64.Build.0 = Debug|Any CPU
		{B3BE571D-3A5E-4DE9-88E7-1F455E5A9AB5}.Debug|x86.ActiveCfg = Debug|Any CPU
		{B3BE571D-3A5E-4DE9-88E7-1F455E5A9AB5}.Debug|x86.Build.0 = Debug|Any CPU
		{B3BE571D-3A5E-4DE9-88E7-1F455E5A9AB5}.Release|Any CPU.ActiveCfg = Release|Any CPU
		{B3BE571D-3A5E-4DE9-88E7-1F455E5A9AB5}.Release|Any CPU.Build.0 = Release|Any CPU
		{B3BE571D-3A5E-4DE9-88E7-1F455E5A9AB5}.Release|x64.ActiveCfg = Release|Any CPU
		{B3BE571D-3A5E-4DE9-88E7-1F455E5A9AB5}.Release|x64.Build.0 = Release|Any CPU
		{B3BE571D-3A5E-4DE9-88E7-1F455E5A9AB5}.Release|x86.ActiveCfg = Release|Any CPU
		{B3BE571D-3A5E-4DE9-88E7-1F455E5A9AB5}.Release|x86.Build.0 = Release|Any CPU
		{24560884-4992-4500-BE51-EE74FDAABA22}.Debug|Any CPU.ActiveCfg = Debug|x64
		{24560884-4992-4500-BE51-EE74FDAABA22}.Debug|Any CPU.Build.0 = Debug|x64
		{24560884-4992-4500-BE51-EE74FDAABA22}.Debug|x64.ActiveCfg = Debug|x64
		{24560884-4992-4500-BE51-EE74FDAABA22}.Debug|x64.Build.0 = Debug|x64
		{24560884-4992-4500-BE51-EE74FDAABA22}.Debug|x86.ActiveCfg = Debug|Any CPU
		{24560884-4992-4500-BE51-EE74FDAABA22}.Debug|x86.Build.0 = Debug|Any CPU
		{24560884-4992-4500-BE51-EE74FDAABA22}.Release|Any CPU.ActiveCfg = Release|x64
		{24560884-4992-4500-BE51-EE74FDAABA22}.Release|Any CPU.Build.0 = Release|x64
		{24560884-4992-4500-BE51-EE74FDAABA22}.Release|x64.ActiveCfg = Release|x64
		{24560884-4992-4500-BE51-EE74FDAABA22}.Release|x64.Build.0 = Release|x64
		{24560884-4992-4500-BE51-EE74FDAABA22}.Release|x86.ActiveCfg = Release|Any CPU
		{24560884-4992-4500-BE51-EE74FDAABA22}.Release|x86.Build.0 = Release|Any CPU
		{A1B2C3D4-E5F6-7890-ABCD-EF1234567890}.Debug|Any CPU.ActiveCfg = Debug|Any CPU
		{A1B2C3D4-E5F6-7890-ABCD-EF1234567890}.Debug|Any CPU.Build.0 = Debug|Any CPU
		{A1B2C3D4-E5F6-7890-ABCD-EF1234567890}.Debug|x64.ActiveCfg = Debug|Any CPU
		{A1B2C3D4-E5F6-7890-ABCD-EF1234567890}.Debug|x64.Build.0 = Debug|Any CPU
		{A1B2C3D4-E5F6-7890-ABCD-EF1234567890}.Debug|x86.ActiveCfg = Debug|Any CPU
		{A1B2C3D4-E5F6-7890-ABCD-EF1234567890}.Debug|x86.Build.0 = Debug|Any CPU
		{A1B2C3D4-E5F6-7890-ABCD-EF1234567890}.Release|Any CPU.ActiveCfg = Release|Any CPU
		{A1B2C3D4-E5F6-7890-ABCD-EF1234567890}.Release|Any CPU.Build.0 = Release|Any CPU
		{A1B2C3D4-E5F6-7890-ABCD-EF1234567890}.Release|x64.ActiveCfg = Release|Any CPU
		{A1B2C3D4-E5F6-7890-ABCD-EF1234567890}.Release|x64.Build.0 = Release|Any CPU
		{A1B2C3D4-E5F6-7890-ABCD-EF1234567890}.Release|x86.ActiveCfg = Release|Any CPU
		{A1B2C3D4-E5F6-7890-ABCD-EF1234567890}.Release|x86.Build.0 = Release|Any CPU
		{BDD1A431-EF96-413F-8D81-237F4971A3CB}.Debug|Any CPU.ActiveCfg = Debug|Any CPU
		{BDD1A431-EF96-413F-8D81-237F4971A3CB}.Debug|Any CPU.Build.0 = Debug|Any CPU
		{BDD1A431-EF96-413F-8D81-237F4971A3CB}.Debug|x64.ActiveCfg = Debug|Any CPU
		{BDD1A431-EF96-413F-8D81-237F4971A3CB}.Debug|x64.Build.0 = Debug|Any CPU
		{BDD1A431-EF96-413F-8D81-237F4971A3CB}.Debug|x86.ActiveCfg = Debug|Any CPU
		{BDD1A431-EF96-413F-8D81-237F4971A3CB}.Debug|x86.Build.0 = Debug|Any CPU
		{BDD1A431-EF96-413F-8D81-237F4971A3CB}.Release|Any CPU.ActiveCfg = Release|Any CPU
		{BDD1A431-EF96-413F-8D81-237F4971A3CB}.Release|Any CPU.Build.0 = Release|Any CPU
		{BDD1A431-EF96-413F-8D81-237F4971A3CB}.Release|x64.ActiveCfg = Release|Any CPU
		{BDD1A431-EF96-413F-8D81-237F4971A3CB}.Release|x64.Build.0 = Release|Any CPU
		{BDD1A431-EF96-413F-8D81-237F4971A3CB}.Release|x86.ActiveCfg = Release|Any CPU
		{BDD1A431-EF96-413F-8D81-237F4971A3CB}.Release|x86.Build.0 = Release|Any CPU
	EndGlobalSection
	GlobalSection(SolutionProperties) = preSolution
		HideSolutionNode = FALSE
	EndGlobalSection
EndGlobal
